
Microsoft Visual Studio Solution File, Format Version 12.00
# Visual Studio Version 17
VisualStudioVersion = 17.2.32526.322
MinimumVisualStudioVersion = 10.0.40219.1
Project("{FAE04EC0-301F-11D3-BF4B-00C04F79EFBC}") = "KM_7", "KM_7.csproj", "{303C6A97-553D-488B-B108-F68B8FC51BFF}"
EndProject
Global
	GlobalSection(SolutionConfigurationPlatforms) = preSolution
		Debug|Any CPU = Debug|Any CPU
		Release|Any CPU = Release|Any CPU
	EndGlobalSection
	GlobalSection(ProjectConfigurationPlatforms) = postSolution
		{303C6A97-553D-488B-B108-F68B8FC51BFF}.Debug|Any CPU.ActiveCfg = Debug|Any CPU
		{303C6A97-553D-488B-B108-F68B8FC51BFF}.Debug|Any CPU.Build.0 = Debug|Any CPU
		{303C6A97-553D-488B-B108-F68B8FC51BFF}.Release|Any CPU.ActiveCfg = Release|Any CPU
		{303C6A97-553D-488B-B108-F68B8FC51BFF}.Release|Any CPU.Build.0 = Release|Any CPU
	EndGlobalSection
	GlobalSection(SolutionProperties) = preSolution
		HideSolutionNode = FALSE
	EndGlobalSection
	GlobalSection(ExtensibilityGlobals) = postSolution
		SolutionGuid = {90C26121-DD6E-488A-9784-BC1BCCCA7DDD}
	EndGlobalSection
EndGlobal
